
Microsoft Visual Studio Solution File, Format Version 12.00
# Visual Studio Version 17
VisualStudioVersion = 17.3.32819.101
MinimumVisualStudioVersion = 10.0.40219.1
Project("{FAE04EC0-301F-11D3-BF4B-00C04F79EFBC}") = "WorldCupApi", "WorldCupApi\WorldCupApi.csproj", "{E89A73D9-811A-4607-9306-8E653F9677D9}"
EndProject
Project("{FAE04EC0-301F-11D3-BF4B-00C04F79EFBC}") = "WorldCupDomain", "WorldCupDomain\WorldCupDomain.csproj", "{E84628D7-C88B-4DA0-AE4A-07603359F6F5}"
EndProject
Project("{FAE04EC0-301F-11D3-BF4B-00C04F79EFBC}") = "WorldCupLogic", "WorldCupLogic\WorldCupLogic.csproj", "{437D1DAD-F196-46A0-86B3-13EB2CFCE853}"
EndProject
Global
	GlobalSection(SolutionConfigurationPlatforms) = preSolution
		Debug|Any CPU = Debug|Any CPU
		Release|Any CPU = Release|Any CPU
	EndGlobalSection
	GlobalSection(ProjectConfigurationPlatforms) = postSolution
		{E89A73D9-811A-4607-9306-8E653F9677D9}.Debug|Any CPU.ActiveCfg = Debug|Any CPU
		{E89A73D9-811A-4607-9306-8E653F9677D9}.Debug|Any CPU.Build.0 = Debug|Any CPU
		{E89A73D9-811A-4607-9306-8E653F9677D9}.Release|Any CPU.ActiveCfg = Release|Any CPU
		{E89A73D9-811A-4607-9306-8E653F9677D9}.Release|Any CPU.Build.0 = Release|Any CPU
		{E84628D7-C88B-4DA0-AE4A-07603359F6F5}.Debug|Any CPU.ActiveCfg = Debug|Any CPU
		{E84628D7-C88B-4DA0-AE4A-07603359F6F5}.Debug|Any CPU.Build.0 = Debug|Any CPU
		{E84628D7-C88B-4DA0-AE4A-07603359F6F5}.Release|Any CPU.ActiveCfg = Release|Any CPU
		{E84628D7-C88B-4DA0-AE4A-07603359F6F5}.Release|Any CPU.Build.0 = Release|Any CPU
		{437D1DAD-F196-46A0-86B3-13EB2CFCE853}.Debug|Any CPU.ActiveCfg = Debug|Any CPU
		{437D1DAD-F196-46A0-86B3-13EB2CFCE853}.Debug|Any CPU.Build.0 = Debug|Any CPU
		{437D1DAD-F196-46A0-86B3-13EB2CFCE853}.Release|Any CPU.ActiveCfg = Release|Any CPU
		{437D1DAD-F196-46A0-86B3-13EB2CFCE853}.Release|Any CPU.Build.0 = Release|Any CPU
	EndGlobalSection
	GlobalSection(SolutionProperties) = preSolution
		HideSolutionNode = FALSE
	EndGlobalSection
	GlobalSection(ExtensibilityGlobals) = postSolution
		SolutionGuid = {851EA85E-1603-46BE-BEDD-865F04C3A74F}
	EndGlobalSection
EndGlobal
